
Microsoft Visual Studio Solution File, Format Version 12.00
# Visual Studio 15
Project("{FAE04EC0-301F-11D3-BF4B-00C04F79EFBC}") = "Unity.Timeline", "Unity.Timeline.csproj", "{A234B441-DC86-3824-A1BB-D5B58855FBF1}"
EndProject
Project("{FAE04EC0-301F-11D3-BF4B-00C04F79EFBC}") = "Unity.ShaderGraph.Editor", "Unity.ShaderGraph.Editor.csproj", "{E38D3933-B2CB-1E51-98F9-4D1C59EC6ED9}"
EndProject
Project("{FAE04EC0-301F-11D3-BF4B-00C04F79EFBC}") = "Unity.2D.Aseprite.Editor", "Unity.2D.Aseprite.Editor.csproj", "{E8AA440A-F3BA-915A-DC1B-0FEC41537982}"
EndProject
Project("{FAE04EC0-301F-11D3-BF4B-00C04F79EFBC}") = "Unity.VisualScripting.Flow", "Unity.VisualScripting.Flow.csproj", "{801B3EBC-554A-8DA4-2B15-93482F24C9BC}"
EndProject
Project("{FAE04EC0-301F-11D3-BF4B-00C04F79EFBC}") = "Unity.RenderPipelines.Universal.Runtime", "Unity.RenderPipelines.Universal.Runtime.csproj", "{86E2485E-528A-A10C-BB8E-B2BD8AF3368D}"
EndProject
Project("{FAE04EC0-301F-11D3-BF4B-00C04F79EFBC}") = "UnityEditor.UI", "UnityEditor.UI.csproj", "{061E0550-145B-78CF-759A-75B023AE1131}"
EndProject
Project("{FAE04EC0-301F-11D3-BF4B-00C04F79EFBC}") = "Unity.Timeline.Editor", "Unity.Timeline.Editor.csproj", "{A2AF9540-E2FB-1FF9-77D8-346AD9FA4DAF}"
EndProject
Project("{FAE04EC0-301F-11D3-BF4B-00C04F79EFBC}") = "Unity.PlasticSCM.Editor", "Unity.PlasticSCM.Editor.csproj", "{F88168E7-EA5E-8836-4621-DA07C66B8241}"
EndProject
Project("{FAE04EC0-301F-11D3-BF4B-00C04F79EFBC}") = "Unity.RenderPipelines.Core.Runtime", "Unity.RenderPipelines.Core.Runtime.csproj", "{3B4B4E1E-439B-C863-0268-8A572C21C689}"
EndProject
Project("{FAE04EC0-301F-11D3-BF4B-00C04F79EFBC}") = "Unity.Mathematics", "Unity.Mathematics.csproj", "{3B457EC5-4ADC-99F2-10D8-0A3F397A81D6}"
EndProject
Project("{FAE04EC0-301F-11D3-BF4B-00C04F79EFBC}") = "Unity.RenderPipelines.Core.Editor", "Unity.RenderPipelines.Core.Editor.csproj", "{235802DB-E07E-7A08-6F9F-EAC73E399600}"
EndProject
Project("{FAE04EC0-301F-11D3-BF4B-00C04F79EFBC}") = "Unity.2D.Common.Path.Editor", "Unity.2D.Common.Path.Editor.csproj", "{C0396BDF-0907-FE9C-DA2E-FB7AA1A3C9C7}"
EndProject
Project("{FAE04EC0-301F-11D3-BF4B-00C04F79EFBC}") = "Unity.2D.Psdimporter.Editor", "Unity.2D.Psdimporter.Editor.csproj", "{E945A2FB-4EE5-7996-B37E-6581F93E483E}"
EndProject
Project("{FAE04EC0-301F-11D3-BF4B-00C04F79EFBC}") = "Unity.VisualScripting.Core.Editor", "Unity.VisualScripting.Core.Editor.csproj", "{9F843386-D328-A265-8585-6F4E4DD6D052}"
EndProject
Project("{FAE04EC0-301F-11D3-BF4B-00C04F79EFBC}") = "Unity.2D.IK.Runtime", "Unity.2D.IK.Runtime.csproj", "{705C510E-EC75-DC88-216B-03DB15BE9606}"
EndProject
Project("{FAE04EC0-301F-11D3-BF4B-00C04F79EFBC}") = "UnityEditor.TestRunner", "UnityEditor.TestRunner.csproj", "{9403BD4B-E6F0-F71F-7414-3EC1F353DA11}"
EndProject
Project("{FAE04EC0-301F-11D3-BF4B-00C04F79EFBC}") = "Unity.RenderPipelines.Universal.Editor", "Unity.RenderPipelines.Universal.Editor.csproj", "{AECB3541-C33D-6DA6-B242-6E3735A0118C}"
EndProject
Project("{FAE04EC0-301F-11D3-BF4B-00C04F79EFBC}") = "Unity.TextMeshPro.Editor", "Unity.TextMeshPro.Editor.csproj", "{A867DAB6-EE4B-8FA4-1A09-ADC323B1A998}"
EndProject
Project("{FAE04EC0-301F-11D3-BF4B-00C04F79EFBC}") = "Unity.VisualScripting.Flow.Editor", "Unity.VisualScripting.Flow.Editor.csproj", "{A4B1949B-DC04-C184-EF42-F96E5A2AFDE4}"
EndProject
Project("{FAE04EC0-301F-11D3-BF4B-00C04F79EFBC}") = "UnityEngine.TestRunner", "UnityEngine.TestRunner.csproj", "{9C894B4C-6F26-7B47-502E-C6367F7AA5BB}"
EndProject
Project("{FAE04EC0-301F-11D3-BF4B-00C04F79EFBC}") = "Unity.VisualScripting.Core", "Unity.VisualScripting.Core.csproj", "{93FBC018-E793-68C5-7C5F-EF0AFABC05DD}"
EndProject
Project("{FAE04EC0-301F-11D3-BF4B-00C04F79EFBC}") = "Unity.2D.Tilemap.Editor", "Unity.2D.Tilemap.Editor.csproj", "{864730AB-586A-8160-D339-937658E08FB2}"
EndProject
Project("{FAE04EC0-301F-11D3-BF4B-00C04F79EFBC}") = "Unity.Searcher.Editor", "Unity.Searcher.Editor.csproj", "{98601814-CAAB-9C38-8E64-3529A12878C7}"
EndProject
Project("{FAE04EC0-301F-11D3-BF4B-00C04F79EFBC}") = "Unity.Burst", "Unity.Burst.csproj", "{9645BA98-094C-D69D-E128-F0713A3412C4}"
EndProject
Project("{FAE04EC0-301F-11D3-BF4B-00C04F79EFBC}") = "PsdPlugin", "PsdPlugin.csproj", "{0DECEC1D-29B5-55D5-B794-F2A006B48415}"
EndProject
Project("{FAE04EC0-301F-11D3-BF4B-00C04F79EFBC}") = "Assembly-CSharp", "Assembly-CSharp.csproj", "{0BF29422-EE83-0387-3BF8-49D04AC304B1}"
EndProject
Project("{FAE04EC0-301F-11D3-BF4B-00C04F79EFBC}") = "Unity.Collections", "Unity.Collections.csproj", "{59ABE623-37F0-A9E4-2D93-C9EFED0AC930}"
EndProject
Project("{FAE04EC0-301F-11D3-BF4B-00C04F79EFBC}") = "Cinemachine", "Cinemachine.csproj", "{C5617B01-60CC-58B2-EE65-F0736870480F}"
EndProject
Project("{FAE04EC0-301F-11D3-BF4B-00C04F79EFBC}") = "Unity.2D.Animation.Editor", "Unity.2D.Animation.Editor.csproj", "{CE7ED435-161A-BA0B-86E7-777D8B0CC054}"
EndProject
Project("{FAE04EC0-301F-11D3-BF4B-00C04F79EFBC}") = "Unity.2D.SpriteShape.Editor", "Unity.2D.SpriteShape.Editor.csproj", "{4E0027E6-9B9E-FD1C-6A1B-54DDB82A4F19}"
EndProject
Project("{FAE04EC0-301F-11D3-BF4B-00C04F79EFBC}") = "Unity.VisualStudio.Editor", "Unity.VisualStudio.Editor.csproj", "{F330BC09-13C8-F9CF-CFB1-6E39E66C0C99}"
EndProject
Project("{FAE04EC0-301F-11D3-BF4B-00C04F79EFBC}") = "PPv2URPConverters", "PPv2URPConverters.csproj", "{76C05026-3F4C-E97F-E3E1-9BD109BB3BF5}"
EndProject
Project("{FAE04EC0-301F-11D3-BF4B-00C04F79EFBC}") = "Unity.Rider.Editor", "Unity.Rider.Editor.csproj", "{F9370F4C-8F7B-6D9D-E1E9-437BFDF34865}"
EndProject
Project("{FAE04EC0-301F-11D3-BF4B-00C04F79EFBC}") = "Unity.InternalAPIEditorBridge.001", "Unity.InternalAPIEditorBridge.001.csproj", "{7CE57D2C-9F36-45BC-B76F-BB290D42E035}"
EndProject
Project("{FAE04EC0-301F-11D3-BF4B-00C04F79EFBC}") = "Unity.2D.SpriteShape.Runtime", "Unity.2D.SpriteShape.Runtime.csproj", "{A2E6583A-AD6D-1E70-750F-EBD7DB9CF0A1}"
EndProject
Project("{FAE04EC0-301F-11D3-BF4B-00C04F79EFBC}") = "Meryel.CodeAssist.Editor", "Meryel.CodeAssist.Editor.csproj", "{A7EA8E0B-7383-4BC4-0CBA-F8CA9076B81C}"
EndProject
Project("{FAE04EC0-301F-11D3-BF4B-00C04F79EFBC}") = "Unity.VisualScripting.State.Editor", "Unity.VisualScripting.State.Editor.csproj", "{F3E8059C-E5AE-3AFD-4C5E-608311AFBE41}"
EndProject
Project("{FAE04EC0-301F-11D3-BF4B-00C04F79EFBC}") = "com.unity.cinemachine.editor", "com.unity.cinemachine.editor.csproj", "{075D677D-5E94-4596-AC6E-C69D1398152F}"
EndProject
Project("{FAE04EC0-301F-11D3-BF4B-00C04F79EFBC}") = "UnityEngine.UI", "UnityEngine.UI.csproj", "{6A7308BA-9DBB-4FE6-7B72-A2F27B227AD7}"
EndProject
Project("{FAE04EC0-301F-11D3-BF4B-00C04F79EFBC}") = "Unity.Burst.CodeGen", "Unity.Burst.CodeGen.csproj", "{96D0B8B9-32D4-1E86-66AB-527E9BB2BFFD}"
EndProject
Project("{FAE04EC0-301F-11D3-BF4B-00C04F79EFBC}") = "Unity.RenderPipeline.Universal.ShaderLibrary", "Unity.RenderPipeline.Universal.ShaderLibrary.csproj", "{22F5B720-7F79-F942-6F3E-4FE8CB0D259C}"
EndProject
Project("{FAE04EC0-301F-11D3-BF4B-00C04F79EFBC}") = "Unity.VisualScripting.State", "Unity.VisualScripting.State.csproj", "{278A2B31-454C-BEA6-9019-B26820C9815D}"
EndProject
Project("{FAE04EC0-301F-11D3-BF4B-00C04F79EFBC}") = "Unity.TextMeshPro", "Unity.TextMeshPro.csproj", "{6C6EFF82-3477-1FBF-291C-12A92985AC91}"
EndProject
Project("{FAE04EC0-301F-11D3-BF4B-00C04F79EFBC}") = "Unity.2D.Tilemap.Extras.Editor", "Unity.2D.Tilemap.Extras.Editor.csproj", "{A6F89013-9AFD-611D-5148-C905D77C535F}"
EndProject
Project("{FAE04EC0-301F-11D3-BF4B-00C04F79EFBC}") = "Unity.2D.Animation.Runtime", "Unity.2D.Animation.Runtime.csproj", "{E7E73D9D-54E9-AF8C-A001-B0BA06F950B5}"
EndProject
Project("{FAE04EC0-301F-11D3-BF4B-00C04F79EFBC}") = "Unity.VisualScripting.SettingsProvider.Editor", "Unity.VisualScripting.SettingsProvider.Editor.csproj", "{F30AE377-9284-6AE1-ED39-B36F5E759171}"
EndProject
Project("{FAE04EC0-301F-11D3-BF4B-00C04F79EFBC}") = "Unity.2D.IK.Editor", "Unity.2D.IK.Editor.csproj", "{D7C92B03-AB32-9474-E683-2D3586A44886}"
EndProject
Project("{FAE04EC0-301F-11D3-BF4B-00C04F79EFBC}") = "Unity.InternalAPIEngineBridge.001", "Unity.InternalAPIEngineBridge.001.csproj", "{48FBB780-0522-8D64-A361-6584201F1A27}"
EndProject
Project("{FAE04EC0-301F-11D3-BF4B-00C04F79EFBC}") = "Unity.2D.Aseprite.Common", "Unity.2D.Aseprite.Common.csproj", "{3FAC8FCE-31F4-9A1B-AC40-2EDF54B90DC0}"
EndProject
Project("{FAE04EC0-301F-11D3-BF4B-00C04F79EFBC}") = "Unity.Burst.Editor", "Unity.Burst.Editor.csproj", "{8F5023C3-4623-A83D-A4BA-85113C2F24C4}"
EndProject
Project("{FAE04EC0-301F-11D3-BF4B-00C04F79EFBC}") = "Unity.2D.Common.Editor", "Unity.2D.Common.Editor.csproj", "{77F033A1-51A2-172B-0270-DD42B6B20A47}"
EndProject
Project("{FAE04EC0-301F-11D3-BF4B-00C04F79EFBC}") = "Unity.2D.PixelPerfect", "Unity.2D.PixelPerfect.csproj", "{FBFD7318-15F7-F5B9-0774-8C76D70A89F8}"
EndProject
Project("{FAE04EC0-301F-11D3-BF4B-00C04F79EFBC}") = "Unity.2D.PixelPerfect.Editor", "Unity.2D.PixelPerfect.Editor.csproj", "{B0F2D89E-3C41-FA33-020E-066ED1DF1FEF}"
EndProject
Project("{FAE04EC0-301F-11D3-BF4B-00C04F79EFBC}") = "Unity.2D.Common.Runtime", "Unity.2D.Common.Runtime.csproj", "{062CD206-5E66-F656-A398-FB56A272F9C2}"
EndProject
Project("{FAE04EC0-301F-11D3-BF4B-00C04F79EFBC}") = "Unity.2D.Sprite.Editor", "Unity.2D.Sprite.Editor.csproj", "{B1D14DD2-60F7-8F93-9625-A6BA64789C6C}"
EndProject
Project("{FAE04EC0-301F-11D3-BF4B-00C04F79EFBC}") = "Unity.Mathematics.Editor", "Unity.Mathematics.Editor.csproj", "{0152A1BC-7F08-C235-CEE9-A3872AD6414E}"
EndProject
Project("{FAE04EC0-301F-11D3-BF4B-00C04F79EFBC}") = "Unity.2D.Tilemap.Extras", "Unity.2D.Tilemap.Extras.csproj", "{6734C524-703B-2941-C3DC-7F836B01D816}"
EndProject
Project("{FAE04EC0-301F-11D3-BF4B-00C04F79EFBC}") = "Unity.InternalAPIEditorBridge.005", "Unity.InternalAPIEditorBridge.005.csproj", "{61EAD814-B5CE-D564-4BAD-FD4F98B59C25}"
EndProject
Project("{FAE04EC0-301F-11D3-BF4B-00C04F79EFBC}") = "Unity.ShaderGraph.Utilities", "Unity.ShaderGraph.Utilities.csproj", "{F9D57DDE-AFB0-9EB0-C137-6BAA18E33760}"
EndProject
Project("{FAE04EC0-301F-11D3-BF4B-00C04F79EFBC}") = "Unity.VisualScripting.Shared.Editor", "Unity.VisualScripting.Shared.Editor.csproj", "{F0BDE843-BECB-16DD-B334-680F188A89E4}"
EndProject
Project("{FAE04EC0-301F-11D3-BF4B-00C04F79EFBC}") = "Unity.Collections.DocCodeSamples", "Unity.Collections.DocCodeSamples.csproj", "{42FEC542-671F-BC3E-17D2-F7A63B3B20DE}"
EndProject
Project("{FAE04EC0-301F-11D3-BF4B-00C04F79EFBC}") = "Unity.Collections.BurstCompatibilityGen", "Unity.Collections.BurstCompatibilityGen.csproj", "{B3C8A438-B393-88C1-5874-5DAA3ED23FBC}"
EndProject
Project("{FAE04EC0-301F-11D3-BF4B-00C04F79EFBC}") = "Unity.CollabProxy.Editor", "Unity.CollabProxy.Editor.csproj", "{F7B45E0A-0B24-AF19-EA8F-CB057E12016B}"
EndProject
Project("{FAE04EC0-301F-11D3-BF4B-00C04F79EFBC}") = "Unity.RenderPipelines.ShaderGraph.ShaderGraphLibrary", "Unity.RenderPipelines.ShaderGraph.ShaderGraphLibrary.csproj", "{C8E1ACE2-72EC-20C4-99EC-79717F0D9284}"
EndProject
Project("{FAE04EC0-301F-11D3-BF4B-00C04F79EFBC}") = "Unity.RenderPipelines.Core.ShaderLibrary", "Unity.RenderPipelines.Core.ShaderLibrary.csproj", "{E566E793-98FF-C10E-4E65-9C5C73B689FD}"
EndProject
Project("{FAE04EC0-301F-11D3-BF4B-00C04F79EFBC}") = "Unity.RenderPipelines.Universal.Shaders", "Unity.RenderPipelines.Universal.Shaders.csproj", "{04A320F1-648B-7410-6AB6-BF46BF8632F1}"
EndProject
Project("{FAE04EC0-301F-11D3-BF4B-00C04F79EFBC}") = "Unity.Timeline", "Unity.Timeline.Player.csproj", "{54AE122E-1194-CFFE-3325-1156120BE981}"
EndProject
Project("{FAE04EC0-301F-11D3-BF4B-00C04F79EFBC}") = "Unity.VisualScripting.Flow", "Unity.VisualScripting.Flow.Player.csproj", "{06DF7453-7671-1B79-6576-6904A8537242}"
EndProject
Project("{FAE04EC0-301F-11D3-BF4B-00C04F79EFBC}") = "Unity.RenderPipelines.Universal.Runtime", "Unity.RenderPipelines.Universal.Runtime.Player.csproj", "{7F6A5D12-4CEB-240B-540C-36D81C3440DD}"
EndProject
Project("{FAE04EC0-301F-11D3-BF4B-00C04F79EFBC}") = "Unity.RenderPipelines.Core.Runtime", "Unity.RenderPipelines.Core.Runtime.Player.csproj", "{255D7ACA-3463-7922-D5C6-E50596E91DF2}"
EndProject
Project("{FAE04EC0-301F-11D3-BF4B-00C04F79EFBC}") = "Unity.Mathematics", "Unity.Mathematics.Player.csproj", "{5E13E35B-FE2C-DF6C-5CF5-60E011943A30}"
EndProject
Project("{FAE04EC0-301F-11D3-BF4B-00C04F79EFBC}") = "Unity.2D.IK.Runtime", "Unity.2D.IK.Runtime.Player.csproj", "{2386DE66-2CC1-66A9-CB59-9A294DA15827}"
EndProject
Project("{FAE04EC0-301F-11D3-BF4B-00C04F79EFBC}") = "UnityEngine.TestRunner", "UnityEngine.TestRunner.Player.csproj", "{6314EE5A-059B-E491-C1F3-B17E846BD5D0}"
EndProject
Project("{FAE04EC0-301F-11D3-BF4B-00C04F79EFBC}") = "Unity.VisualScripting.Core", "Unity.VisualScripting.Core.Player.csproj", "{EB3D590F-FFDD-2C74-89C6-950A16D69902}"
EndProject
Project("{FAE04EC0-301F-11D3-BF4B-00C04F79EFBC}") = "Unity.Burst", "Unity.Burst.Player.csproj", "{7C09C992-F099-91BA-ADE1-60BC8571ADCF}"
EndProject
Project("{FAE04EC0-301F-11D3-BF4B-00C04F79EFBC}") = "Assembly-CSharp", "Assembly-CSharp.Player.csproj", "{6A438034-D5B6-2184-5148-168FF17635D2}"
EndProject
Project("{FAE04EC0-301F-11D3-BF4B-00C04F79EFBC}") = "Unity.Collections", "Unity.Collections.Player.csproj", "{9ADAD40E-BBAE-050B-1F6B-1126CCB286C3}"
EndProject
Project("{FAE04EC0-301F-11D3-BF4B-00C04F79EFBC}") = "Cinemachine", "Cinemachine.Player.csproj", "{D98A2FAF-5AF9-D5A0-3222-48B11D5740E4}"
EndProject
Project("{FAE04EC0-301F-11D3-BF4B-00C04F79EFBC}") = "Unity.2D.SpriteShape.Runtime", "Unity.2D.SpriteShape.Runtime.Player.csproj", "{CBB9E398-4951-4340-9D27-AFA064083B86}"
EndProject
Project("{FAE04EC0-301F-11D3-BF4B-00C04F79EFBC}") = "UnityEngine.UI", "UnityEngine.UI.Player.csproj", "{432E2C31-9077-ED95-8311-08B62EB7D7E7}"
EndProject
Project("{FAE04EC0-301F-11D3-BF4B-00C04F79EFBC}") = "Unity.RenderPipeline.Universal.ShaderLibrary", "Unity.RenderPipeline.Universal.ShaderLibrary.Player.csproj", "{676772AA-28E0-EBFB-A31F-947A6072EABB}"
EndProject
Project("{FAE04EC0-301F-11D3-BF4B-00C04F79EFBC}") = "Unity.VisualScripting.State", "Unity.VisualScripting.State.Player.csproj", "{14F8C60A-0E78-A5E6-A01A-EF6DFA9A819E}"
EndProject
Project("{FAE04EC0-301F-11D3-BF4B-00C04F79EFBC}") = "Unity.TextMeshPro", "Unity.TextMeshPro.Player.csproj", "{F5072638-7165-EBFC-5557-7EF0ABF2C959}"
EndProject
Project("{FAE04EC0-301F-11D3-BF4B-00C04F79EFBC}") = "Unity.2D.Animation.Runtime", "Unity.2D.Animation.Runtime.Player.csproj", "{17577539-D92B-6DC2-5509-AB7C5DE5FA84}"
EndProject
Project("{FAE04EC0-301F-11D3-BF4B-00C04F79EFBC}") = "Unity.InternalAPIEngineBridge.001", "Unity.InternalAPIEngineBridge.001.Player.csproj", "{BD9164B4-F67C-5960-FAB0-E38136F0EEE3}"
EndProject
Project("{FAE04EC0-301F-11D3-BF4B-00C04F79EFBC}") = "Unity.2D.PixelPerfect", "Unity.2D.PixelPerfect.Player.csproj", "{C5890B80-B412-6EE3-4A53-51466C18EB65}"
EndProject
Project("{FAE04EC0-301F-11D3-BF4B-00C04F79EFBC}") = "Unity.2D.Common.Runtime", "Unity.2D.Common.Runtime.Player.csproj", "{C7C12623-D707-14D7-045E-A705F9DA3E9E}"
EndProject
Project("{FAE04EC0-301F-11D3-BF4B-00C04F79EFBC}") = "Unity.2D.Tilemap.Extras", "Unity.2D.Tilemap.Extras.Player.csproj", "{E7E66378-3B10-3CAB-D0BA-DB1030A97FE0}"
EndProject
Project("{FAE04EC0-301F-11D3-BF4B-00C04F79EFBC}") = "Unity.RenderPipelines.ShaderGraph.ShaderGraphLibrary", "Unity.RenderPipelines.ShaderGraph.ShaderGraphLibrary.Player.csproj", "{0BC8F38E-F61F-03AA-DAE6-3285AFF6B12D}"
EndProject
Project("{FAE04EC0-301F-11D3-BF4B-00C04F79EFBC}") = "Unity.RenderPipelines.Core.ShaderLibrary", "Unity.RenderPipelines.Core.ShaderLibrary.Player.csproj", "{98F11126-696A-F600-5C92-D572A8230E69}"
EndProject
Project("{FAE04EC0-301F-11D3-BF4B-00C04F79EFBC}") = "Unity.RenderPipelines.Universal.Shaders", "Unity.RenderPipelines.Universal.Shaders.Player.csproj", "{87807948-031E-B905-EE01-50F71DB1687A}"
EndProject
Global
	GlobalSection(SolutionConfigurationPlatforms) = preSolution
		Debug|Any CPU = Debug|Any CPU
		Release|Any CPU = Release|Any CPU
	EndGlobalSection
	GlobalSection(ProjectConfigurationPlatforms) = postSolution
		{A234B441-DC86-3824-A1BB-D5B58855FBF1}.Debug|Any CPU.ActiveCfg = Debug|Any CPU
		{A234B441-DC86-3824-A1BB-D5B58855FBF1}.Debug|Any CPU.Build.0 = Debug|Any CPU
		{A234B441-DC86-3824-A1BB-D5B58855FBF1}.Release|Any CPU.ActiveCfg = Release|Any CPU
		{A234B441-DC86-3824-A1BB-D5B58855FBF1}.Release|Any CPU.Build.0 = Release|Any CPU
		{E38D3933-B2CB-1E51-98F9-4D1C59EC6ED9}.Debug|Any CPU.ActiveCfg = Debug|Any CPU
		{E38D3933-B2CB-1E51-98F9-4D1C59EC6ED9}.Debug|Any CPU.Build.0 = Debug|Any CPU
		{E38D3933-B2CB-1E51-98F9-4D1C59EC6ED9}.Release|Any CPU.ActiveCfg = Release|Any CPU
		{E38D3933-B2CB-1E51-98F9-4D1C59EC6ED9}.Release|Any CPU.Build.0 = Release|Any CPU
		{E8AA440A-F3BA-915A-DC1B-0FEC41537982}.Debug|Any CPU.ActiveCfg = Debug|Any CPU
		{E8AA440A-F3BA-915A-DC1B-0FEC41537982}.Debug|Any CPU.Build.0 = Debug|Any CPU
		{E8AA440A-F3BA-915A-DC1B-0FEC41537982}.Release|Any CPU.ActiveCfg = Release|Any CPU
		{E8AA440A-F3BA-915A-DC1B-0FEC41537982}.Release|Any CPU.Build.0 = Release|Any CPU
		{801B3EBC-554A-8DA4-2B15-93482F24C9BC}.Debug|Any CPU.ActiveCfg = Debug|Any CPU
		{801B3EBC-554A-8DA4-2B15-93482F24C9BC}.Debug|Any CPU.Build.0 = Debug|Any CPU
		{801B3EBC-554A-8DA4-2B15-93482F24C9BC}.Release|Any CPU.ActiveCfg = Release|Any CPU
		{801B3EBC-554A-8DA4-2B15-93482F24C9BC}.Release|Any CPU.Build.0 = Release|Any CPU
		{86E2485E-528A-A10C-BB8E-B2BD8AF3368D}.Debug|Any CPU.ActiveCfg = Debug|Any CPU
		{86E2485E-528A-A10C-BB8E-B2BD8AF3368D}.Debug|Any CPU.Build.0 = Debug|Any CPU
		{86E2485E-528A-A10C-BB8E-B2BD8AF3368D}.Release|Any CPU.ActiveCfg = Release|Any CPU
		{86E2485E-528A-A10C-BB8E-B2BD8AF3368D}.Release|Any CPU.Build.0 = Release|Any CPU
		{061E0550-145B-78CF-759A-75B023AE1131}.Debug|Any CPU.ActiveCfg = Debug|Any CPU
		{061E0550-145B-78CF-759A-75B023AE1131}.Debug|Any CPU.Build.0 = Debug|Any CPU
		{061E0550-145B-78CF-759A-75B023AE1131}.Release|Any CPU.ActiveCfg = Release|Any CPU
		{061E0550-145B-78CF-759A-75B023AE1131}.Release|Any CPU.Build.0 = Release|Any CPU
		{A2AF9540-E2FB-1FF9-77D8-346AD9FA4DAF}.Debug|Any CPU.ActiveCfg = Debug|Any CPU
		{A2AF9540-E2FB-1FF9-77D8-346AD9FA4DAF}.Debug|Any CPU.Build.0 = Debug|Any CPU
		{A2AF9540-E2FB-1FF9-77D8-346AD9FA4DAF}.Release|Any CPU.ActiveCfg = Release|Any CPU
		{A2AF9540-E2FB-1FF9-77D8-346AD9FA4DAF}.Release|Any CPU.Build.0 = Release|Any CPU
		{F88168E7-EA5E-8836-4621-DA07C66B8241}.Debug|Any CPU.ActiveCfg = Debug|Any CPU
		{F88168E7-EA5E-8836-4621-DA07C66B8241}.Debug|Any CPU.Build.0 = Debug|Any CPU
		{F88168E7-EA5E-8836-4621-DA07C66B8241}.Release|Any CPU.ActiveCfg = Release|Any CPU
		{F88168E7-EA5E-8836-4621-DA07C66B8241}.Release|Any CPU.Build.0 = Release|Any CPU
		{3B4B4E1E-439B-C863-0268-8A572C21C689}.Debug|Any CPU.ActiveCfg = Debug|Any CPU
		{3B4B4E1E-439B-C863-0268-8A572C21C689}.Debug|Any CPU.Build.0 = Debug|Any CPU
		{3B4B4E1E-439B-C863-0268-8A572C21C689}.Release|Any CPU.ActiveCfg = Release|Any CPU
		{3B4B4E1E-439B-C863-0268-8A572C21C689}.Release|Any CPU.Build.0 = Release|Any CPU
		{3B457EC5-4ADC-99F2-10D8-0A3F397A81D6}.Debug|Any CPU.ActiveCfg = Debug|Any CPU
		{3B457EC5-4ADC-99F2-10D8-0A3F397A81D6}.Debug|Any CPU.Build.0 = Debug|Any CPU
		{3B457EC5-4ADC-99F2-10D8-0A3F397A81D6}.Release|Any CPU.ActiveCfg = Release|Any CPU
		{3B457EC5-4ADC-99F2-10D8-0A3F397A81D6}.Release|Any CPU.Build.0 = Release|Any CPU
		{235802DB-E07E-7A08-6F9F-EAC73E399600}.Debug|Any CPU.ActiveCfg = Debug|Any CPU
		{235802DB-E07E-7A08-6F9F-EAC73E399600}.Debug|Any CPU.Build.0 = Debug|Any CPU
		{235802DB-E07E-7A08-6F9F-EAC73E399600}.Release|Any CPU.ActiveCfg = Release|Any CPU
		{235802DB-E07E-7A08-6F9F-EAC73E399600}.Release|Any CPU.Build.0 = Release|Any CPU
		{C0396BDF-0907-FE9C-DA2E-FB7AA1A3C9C7}.Debug|Any CPU.ActiveCfg = Debug|Any CPU
		{C0396BDF-0907-FE9C-DA2E-FB7AA1A3C9C7}.Debug|Any CPU.Build.0 = Debug|Any CPU
		{C0396BDF-0907-FE9C-DA2E-FB7AA1A3C9C7}.Release|Any CPU.ActiveCfg = Release|Any CPU
		{C0396BDF-0907-FE9C-DA2E-FB7AA1A3C9C7}.Release|Any CPU.Build.0 = Release|Any CPU
		{E945A2FB-4EE5-7996-B37E-6581F93E483E}.Debug|Any CPU.ActiveCfg = Debug|Any CPU
		{E945A2FB-4EE5-7996-B37E-6581F93E483E}.Debug|Any CPU.Build.0 = Debug|Any CPU
		{E945A2FB-4EE5-7996-B37E-6581F93E483E}.Release|Any CPU.ActiveCfg = Release|Any CPU
		{E945A2FB-4EE5-7996-B37E-6581F93E483E}.Release|Any CPU.Build.0 = Release|Any CPU
		{9F843386-D328-A265-8585-6F4E4DD6D052}.Debug|Any CPU.ActiveCfg = Debug|Any CPU
		{9F843386-D328-A265-8585-6F4E4DD6D052}.Debug|Any CPU.Build.0 = Debug|Any CPU
		{9F843386-D328-A265-8585-6F4E4DD6D052}.Release|Any CPU.ActiveCfg = Release|Any CPU
		{9F843386-D328-A265-8585-6F4E4DD6D052}.Release|Any CPU.Build.0 = Release|Any CPU
		{705C510E-EC75-DC88-216B-03DB15BE9606}.Debug|Any CPU.ActiveCfg = Debug|Any CPU
		{705C510E-EC75-DC88-216B-03DB15BE9606}.Debug|Any CPU.Build.0 = Debug|Any CPU
		{705C510E-EC75-DC88-216B-03DB15BE9606}.Release|Any CPU.ActiveCfg = Release|Any CPU
		{705C510E-EC75-DC88-216B-03DB15BE9606}.Release|Any CPU.Build.0 = Release|Any CPU
		{9403BD4B-E6F0-F71F-7414-3EC1F353DA11}.Debug|Any CPU.ActiveCfg = Debug|Any CPU
		{9403BD4B-E6F0-F71F-7414-3EC1F353DA11}.Debug|Any CPU.Build.0 = Debug|Any CPU
		{9403BD4B-E6F0-F71F-7414-3EC1F353DA11}.Release|Any CPU.ActiveCfg = Release|Any CPU
		{9403BD4B-E6F0-F71F-7414-3EC1F353DA11}.Release|Any CPU.Build.0 = Release|Any CPU
		{AECB3541-C33D-6DA6-B242-6E3735A0118C}.Debug|Any CPU.ActiveCfg = Debug|Any CPU
		{AECB3541-C33D-6DA6-B242-6E3735A0118C}.Debug|Any CPU.Build.0 = Debug|Any CPU
		{AECB3541-C33D-6DA6-B242-6E3735A0118C}.Release|Any CPU.ActiveCfg = Release|Any CPU
		{AECB3541-C33D-6DA6-B242-6E3735A0118C}.Release|Any CPU.Build.0 = Release|Any CPU
		{A867DAB6-EE4B-8FA4-1A09-ADC323B1A998}.Debug|Any CPU.ActiveCfg = Debug|Any CPU
		{A867DAB6-EE4B-8FA4-1A09-ADC323B1A998}.Debug|Any CPU.Build.0 = Debug|Any CPU
		{A867DAB6-EE4B-8FA4-1A09-ADC323B1A998}.Release|Any CPU.ActiveCfg = Release|Any CPU
		{A867DAB6-EE4B-8FA4-1A09-ADC323B1A998}.Release|Any CPU.Build.0 = Release|Any CPU
		{A4B1949B-DC04-C184-EF42-F96E5A2AFDE4}.Debug|Any CPU.ActiveCfg = Debug|Any CPU
		{A4B1949B-DC04-C184-EF42-F96E5A2AFDE4}.Debug|Any CPU.Build.0 = Debug|Any CPU
		{A4B1949B-DC04-C184-EF42-F96E5A2AFDE4}.Release|Any CPU.ActiveCfg = Release|Any CPU
		{A4B1949B-DC04-C184-EF42-F96E5A2AFDE4}.Release|Any CPU.Build.0 = Release|Any CPU
		{9C894B4C-6F26-7B47-502E-C6367F7AA5BB}.Debug|Any CPU.ActiveCfg = Debug|Any CPU
		{9C894B4C-6F26-7B47-502E-C6367F7AA5BB}.Debug|Any CPU.Build.0 = Debug|Any CPU
		{9C894B4C-6F26-7B47-502E-C6367F7AA5BB}.Release|Any CPU.ActiveCfg = Release|Any CPU
		{9C894B4C-6F26-7B47-502E-C6367F7AA5BB}.Release|Any CPU.Build.0 = Release|Any CPU
		{93FBC018-E793-68C5-7C5F-EF0AFABC05DD}.Debug|Any CPU.ActiveCfg = Debug|Any CPU
		{93FBC018-E793-68C5-7C5F-EF0AFABC05DD}.Debug|Any CPU.Build.0 = Debug|Any CPU
		{93FBC018-E793-68C5-7C5F-EF0AFABC05DD}.Release|Any CPU.ActiveCfg = Release|Any CPU
		{93FBC018-E793-68C5-7C5F-EF0AFABC05DD}.Release|Any CPU.Build.0 = Release|Any CPU
		{864730AB-586A-8160-D339-937658E08FB2}.Debug|Any CPU.ActiveCfg = Debug|Any CPU
		{864730AB-586A-8160-D339-937658E08FB2}.Debug|Any CPU.Build.0 = Debug|Any CPU
		{864730AB-586A-8160-D339-937658E08FB2}.Release|Any CPU.ActiveCfg = Release|Any CPU
		{864730AB-586A-8160-D339-937658E08FB2}.Release|Any CPU.Build.0 = Release|Any CPU
		{98601814-CAAB-9C38-8E64-3529A12878C7}.Debug|Any CPU.ActiveCfg = Debug|Any CPU
		{98601814-CAAB-9C38-8E64-3529A12878C7}.Debug|Any CPU.Build.0 = Debug|Any CPU
		{98601814-CAAB-9C38-8E64-3529A12878C7}.Release|Any CPU.ActiveCfg = Release|Any CPU
		{98601814-CAAB-9C38-8E64-3529A12878C7}.Release|Any CPU.Build.0 = Release|Any CPU
		{9645BA98-094C-D69D-E128-F0713A3412C4}.Debug|Any CPU.ActiveCfg = Debug|Any CPU
		{9645BA98-094C-D69D-E128-F0713A3412C4}.Debug|Any CPU.Build.0 = Debug|Any CPU
		{9645BA98-094C-D69D-E128-F0713A3412C4}.Release|Any CPU.ActiveCfg = Release|Any CPU
		{9645BA98-094C-D69D-E128-F0713A3412C4}.Release|Any CPU.Build.0 = Release|Any CPU
		{0DECEC1D-29B5-55D5-B794-F2A006B48415}.Debug|Any CPU.ActiveCfg = Debug|Any CPU
		{0DECEC1D-29B5-55D5-B794-F2A006B48415}.Debug|Any CPU.Build.0 = Debug|Any CPU
		{0DECEC1D-29B5-55D5-B794-F2A006B48415}.Release|Any CPU.ActiveCfg = Release|Any CPU
		{0DECEC1D-29B5-55D5-B794-F2A006B48415}.Release|Any CPU.Build.0 = Release|Any CPU
		{0BF29422-EE83-0387-3BF8-49D04AC304B1}.Debug|Any CPU.ActiveCfg = Debug|Any CPU
		{0BF29422-EE83-0387-3BF8-49D04AC304B1}.Debug|Any CPU.Build.0 = Debug|Any CPU
		{0BF29422-EE83-0387-3BF8-49D04AC304B1}.Release|Any CPU.ActiveCfg = Release|Any CPU
		{0BF29422-EE83-0387-3BF8-49D04AC304B1}.Release|Any CPU.Build.0 = Release|Any CPU
		{59ABE623-37F0-A9E4-2D93-C9EFED0AC930}.Debug|Any CPU.ActiveCfg = Debug|Any CPU
		{59ABE623-37F0-A9E4-2D93-C9EFED0AC930}.Debug|Any CPU.Build.0 = Debug|Any CPU
		{59ABE623-37F0-A9E4-2D93-C9EFED0AC930}.Release|Any CPU.ActiveCfg = Release|Any CPU
		{59ABE623-37F0-A9E4-2D93-C9EFED0AC930}.Release|Any CPU.Build.0 = Release|Any CPU
		{C5617B01-60CC-58B2-EE65-F0736870480F}.Debug|Any CPU.ActiveCfg = Debug|Any CPU
		{C5617B01-60CC-58B2-EE65-F0736870480F}.Debug|Any CPU.Build.0 = Debug|Any CPU
		{C5617B01-60CC-58B2-EE65-F0736870480F}.Release|Any CPU.ActiveCfg = Release|Any CPU
		{C5617B01-60CC-58B2-EE65-F0736870480F}.Release|Any CPU.Build.0 = Release|Any CPU
		{CE7ED435-161A-BA0B-86E7-777D8B0CC054}.Debug|Any CPU.ActiveCfg = Debug|Any CPU
		{CE7ED435-161A-BA0B-86E7-777D8B0CC054}.Debug|Any CPU.Build.0 = Debug|Any CPU
		{CE7ED435-161A-BA0B-86E7-777D8B0CC054}.Release|Any CPU.ActiveCfg = Release|Any CPU
		{CE7ED435-161A-BA0B-86E7-777D8B0CC054}.Release|Any CPU.Build.0 = Release|Any CPU
		{4E0027E6-9B9E-FD1C-6A1B-54DDB82A4F19}.Debug|Any CPU.ActiveCfg = Debug|Any CPU
		{4E0027E6-9B9E-FD1C-6A1B-54DDB82A4F19}.Debug|Any CPU.Build.0 = Debug|Any CPU
		{4E0027E6-9B9E-FD1C-6A1B-54DDB82A4F19}.Release|Any CPU.ActiveCfg = Release|Any CPU
		{4E0027E6-9B9E-FD1C-6A1B-54DDB82A4F19}.Release|Any CPU.Build.0 = Release|Any CPU
		{F330BC09-13C8-F9CF-CFB1-6E39E66C0C99}.Debug|Any CPU.ActiveCfg = Debug|Any CPU
		{F330BC09-13C8-F9CF-CFB1-6E39E66C0C99}.Debug|Any CPU.Build.0 = Debug|Any CPU
		{F330BC09-13C8-F9CF-CFB1-6E39E66C0C99}.Release|Any CPU.ActiveCfg = Release|Any CPU
		{F330BC09-13C8-F9CF-CFB1-6E39E66C0C99}.Release|Any CPU.Build.0 = Release|Any CPU
		{76C05026-3F4C-E97F-E3E1-9BD109BB3BF5}.Debug|Any CPU.ActiveCfg = Debug|Any CPU
		{76C05026-3F4C-E97F-E3E1-9BD109BB3BF5}.Debug|Any CPU.Build.0 = Debug|Any CPU
		{76C05026-3F4C-E97F-E3E1-9BD109BB3BF5}.Release|Any CPU.ActiveCfg = Release|Any CPU
		{76C05026-3F4C-E97F-E3E1-9BD109BB3BF5}.Release|Any CPU.Build.0 = Release|Any CPU
		{F9370F4C-8F7B-6D9D-E1E9-437BFDF34865}.Debug|Any CPU.ActiveCfg = Debug|Any CPU
		{F9370F4C-8F7B-6D9D-E1E9-437BFDF34865}.Debug|Any CPU.Build.0 = Debug|Any CPU
		{F9370F4C-8F7B-6D9D-E1E9-437BFDF34865}.Release|Any CPU.ActiveCfg = Release|Any CPU
		{F9370F4C-8F7B-6D9D-E1E9-437BFDF34865}.Release|Any CPU.Build.0 = Release|Any CPU
		{7CE57D2C-9F36-45BC-B76F-BB290D42E035}.Debug|Any CPU.ActiveCfg = Debug|Any CPU
		{7CE57D2C-9F36-45BC-B76F-BB290D42E035}.Debug|Any CPU.Build.0 = Debug|Any CPU
		{7CE57D2C-9F36-45BC-B76F-BB290D42E035}.Release|Any CPU.ActiveCfg = Release|Any CPU
		{7CE57D2C-9F36-45BC-B76F-BB290D42E035}.Release|Any CPU.Build.0 = Release|Any CPU
		{A2E6583A-AD6D-1E70-750F-EBD7DB9CF0A1}.Debug|Any CPU.ActiveCfg = Debug|Any CPU
		{A2E6583A-AD6D-1E70-750F-EBD7DB9CF0A1}.Debug|Any CPU.Build.0 = Debug|Any CPU
		{A2E6583A-AD6D-1E70-750F-EBD7DB9CF0A1}.Release|Any CPU.ActiveCfg = Release|Any CPU
		{A2E6583A-AD6D-1E70-750F-EBD7DB9CF0A1}.Release|Any CPU.Build.0 = Release|Any CPU
		{A7EA8E0B-7383-4BC4-0CBA-F8CA9076B81C}.Debug|Any CPU.ActiveCfg = Debug|Any CPU
		{A7EA8E0B-7383-4BC4-0CBA-F8CA9076B81C}.Debug|Any CPU.Build.0 = Debug|Any CPU
		{A7EA8E0B-7383-4BC4-0CBA-F8CA9076B81C}.Release|Any CPU.ActiveCfg = Release|Any CPU
		{A7EA8E0B-7383-4BC4-0CBA-F8CA9076B81C}.Release|Any CPU.Build.0 = Release|Any CPU
		{F3E8059C-E5AE-3AFD-4C5E-608311AFBE41}.Debug|Any CPU.ActiveCfg = Debug|Any CPU
		{F3E8059C-E5AE-3AFD-4C5E-608311AFBE41}.Debug|Any CPU.Build.0 = Debug|Any CPU
		{F3E8059C-E5AE-3AFD-4C5E-608311AFBE41}.Release|Any CPU.ActiveCfg = Release|Any CPU
		{F3E8059C-E5AE-3AFD-4C5E-608311AFBE41}.Release|Any CPU.Build.0 = Release|Any CPU
		{075D677D-5E94-4596-AC6E-C69D1398152F}.Debug|Any CPU.ActiveCfg = Debug|Any CPU
		{075D677D-5E94-4596-AC6E-C69D1398152F}.Debug|Any CPU.Build.0 = Debug|Any CPU
		{075D677D-5E94-4596-AC6E-C69D1398152F}.Release|Any CPU.ActiveCfg = Release|Any CPU
		{075D677D-5E94-4596-AC6E-C69D1398152F}.Release|Any CPU.Build.0 = Release|Any CPU
		{6A7308BA-9DBB-4FE6-7B72-A2F27B227AD7}.Debug|Any CPU.ActiveCfg = Debug|Any CPU
		{6A7308BA-9DBB-4FE6-7B72-A2F27B227AD7}.Debug|Any CPU.Build.0 = Debug|Any CPU
		{6A7308BA-9DBB-4FE6-7B72-A2F27B227AD7}.Release|Any CPU.ActiveCfg = Release|Any CPU
		{6A7308BA-9DBB-4FE6-7B72-A2F27B227AD7}.Release|Any CPU.Build.0 = Release|Any CPU
		{96D0B8B9-32D4-1E86-66AB-527E9BB2BFFD}.Debug|Any CPU.ActiveCfg = Debug|Any CPU
		{96D0B8B9-32D4-1E86-66AB-527E9BB2BFFD}.Debug|Any CPU.Build.0 = Debug|Any CPU
		{96D0B8B9-32D4-1E86-66AB-527E9BB2BFFD}.Release|Any CPU.ActiveCfg = Release|Any CPU
		{96D0B8B9-32D4-1E86-66AB-527E9BB2BFFD}.Release|Any CPU.Build.0 = Release|Any CPU
		{22F5B720-7F79-F942-6F3E-4FE8CB0D259C}.Debug|Any CPU.ActiveCfg = Debug|Any CPU
		{22F5B720-7F79-F942-6F3E-4FE8CB0D259C}.Debug|Any CPU.Build.0 = Debug|Any CPU
		{22F5B720-7F79-F942-6F3E-4FE8CB0D259C}.Release|Any CPU.ActiveCfg = Release|Any CPU
		{22F5B720-7F79-F942-6F3E-4FE8CB0D259C}.Release|Any CPU.Build.0 = Release|Any CPU
		{278A2B31-454C-BEA6-9019-B26820C9815D}.Debug|Any CPU.ActiveCfg = Debug|Any CPU
		{278A2B31-454C-BEA6-9019-B26820C9815D}.Debug|Any CPU.Build.0 = Debug|Any CPU
		{278A2B31-454C-BEA6-9019-B26820C9815D}.Release|Any CPU.ActiveCfg = Release|Any CPU
		{278A2B31-454C-BEA6-9019-B26820C9815D}.Release|Any CPU.Build.0 = Release|Any CPU
		{6C6EFF82-3477-1FBF-291C-12A92985AC91}.Debug|Any CPU.ActiveCfg = Debug|Any CPU
		{6C6EFF82-3477-1FBF-291C-12A92985AC91}.Debug|Any CPU.Build.0 = Debug|Any CPU
		{6C6EFF82-3477-1FBF-291C-12A92985AC91}.Release|Any CPU.ActiveCfg = Release|Any CPU
		{6C6EFF82-3477-1FBF-291C-12A92985AC91}.Release|Any CPU.Build.0 = Release|Any CPU
		{A6F89013-9AFD-611D-5148-C905D77C535F}.Debug|Any CPU.ActiveCfg = Debug|Any CPU
		{A6F89013-9AFD-611D-5148-C905D77C535F}.Debug|Any CPU.Build.0 = Debug|Any CPU
		{A6F89013-9AFD-611D-5148-C905D77C535F}.Release|Any CPU.ActiveCfg = Release|Any CPU
		{A6F89013-9AFD-611D-5148-C905D77C535F}.Release|Any CPU.Build.0 = Release|Any CPU
		{E7E73D9D-54E9-AF8C-A001-B0BA06F950B5}.Debug|Any CPU.ActiveCfg = Debug|Any CPU
		{E7E73D9D-54E9-AF8C-A001-B0BA06F950B5}.Debug|Any CPU.Build.0 = Debug|Any CPU
		{E7E73D9D-54E9-AF8C-A001-B0BA06F950B5}.Release|Any CPU.ActiveCfg = Release|Any CPU
		{E7E73D9D-54E9-AF8C-A001-B0BA06F950B5}.Release|Any CPU.Build.0 = Release|Any CPU
		{F30AE377-9284-6AE1-ED39-B36F5E759171}.Debug|Any CPU.ActiveCfg = Debug|Any CPU
		{F30AE377-9284-6AE1-ED39-B36F5E759171}.Debug|Any CPU.Build.0 = Debug|Any CPU
		{F30AE377-9284-6AE1-ED39-B36F5E759171}.Release|Any CPU.ActiveCfg = Release|Any CPU
		{F30AE377-9284-6AE1-ED39-B36F5E759171}.Release|Any CPU.Build.0 = Release|Any CPU
		{D7C92B03-AB32-9474-E683-2D3586A44886}.Debug|Any CPU.ActiveCfg = Debug|Any CPU
		{D7C92B03-AB32-9474-E683-2D3586A44886}.Debug|Any CPU.Build.0 = Debug|Any CPU
		{D7C92B03-AB32-9474-E683-2D3586A44886}.Release|Any CPU.ActiveCfg = Release|Any CPU
		{D7C92B03-AB32-9474-E683-2D3586A44886}.Release|Any CPU.Build.0 = Release|Any CPU
		{48FBB780-0522-8D64-A361-6584201F1A27}.Debug|Any CPU.ActiveCfg = Debug|Any CPU
		{48FBB780-0522-8D64-A361-6584201F1A27}.Debug|Any CPU.Build.0 = Debug|Any CPU
		{48FBB780-0522-8D64-A361-6584201F1A27}.Release|Any CPU.ActiveCfg = Release|Any CPU
		{48FBB780-0522-8D64-A361-6584201F1A27}.Release|Any CPU.Build.0 = Release|Any CPU
		{3FAC8FCE-31F4-9A1B-AC40-2EDF54B90DC0}.Debug|Any CPU.ActiveCfg = Debug|Any CPU
		{3FAC8FCE-31F4-9A1B-AC40-2EDF54B90DC0}.Debug|Any CPU.Build.0 = Debug|Any CPU
		{3FAC8FCE-31F4-9A1B-AC40-2EDF54B90DC0}.Release|Any CPU.ActiveCfg = Release|Any CPU
		{3FAC8FCE-31F4-9A1B-AC40-2EDF54B90DC0}.Release|Any CPU.Build.0 = Release|Any CPU
		{8F5023C3-4623-A83D-A4BA-85113C2F24C4}.Debug|Any CPU.ActiveCfg = Debug|Any CPU
		{8F5023C3-4623-A83D-A4BA-85113C2F24C4}.Debug|Any CPU.Build.0 = Debug|Any CPU
		{8F5023C3-4623-A83D-A4BA-85113C2F24C4}.Release|Any CPU.ActiveCfg = Release|Any CPU
		{8F5023C3-4623-A83D-A4BA-85113C2F24C4}.Release|Any CPU.Build.0 = Release|Any CPU
		{77F033A1-51A2-172B-0270-DD42B6B20A47}.Debug|Any CPU.ActiveCfg = Debug|Any CPU
		{77F033A1-51A2-172B-0270-DD42B6B20A47}.Debug|Any CPU.Build.0 = Debug|Any CPU
		{77F033A1-51A2-172B-0270-DD42B6B20A47}.Release|Any CPU.ActiveCfg = Release|Any CPU
		{77F033A1-51A2-172B-0270-DD42B6B20A47}.Release|Any CPU.Build.0 = Release|Any CPU
		{FBFD7318-15F7-F5B9-0774-8C76D70A89F8}.Debug|Any CPU.ActiveCfg = Debug|Any CPU
		{FBFD7318-15F7-F5B9-0774-8C76D70A89F8}.Debug|Any CPU.Build.0 = Debug|Any CPU
		{FBFD7318-15F7-F5B9-0774-8C76D70A89F8}.Release|Any CPU.ActiveCfg = Release|Any CPU
		{FBFD7318-15F7-F5B9-0774-8C76D70A89F8}.Release|Any CPU.Build.0 = Release|Any CPU
		{B0F2D89E-3C41-FA33-020E-066ED1DF1FEF}.Debug|Any CPU.ActiveCfg = Debug|Any CPU
		{B0F2D89E-3C41-FA33-020E-066ED1DF1FEF}.Debug|Any CPU.Build.0 = Debug|Any CPU
		{B0F2D89E-3C41-FA33-020E-066ED1DF1FEF}.Release|Any CPU.ActiveCfg = Release|Any CPU
		{B0F2D89E-3C41-FA33-020E-066ED1DF1FEF}.Release|Any CPU.Build.0 = Release|Any CPU
		{062CD206-5E66-F656-A398-FB56A272F9C2}.Debug|Any CPU.ActiveCfg = Debug|Any CPU
		{062CD206-5E66-F656-A398-FB56A272F9C2}.Debug|Any CPU.Build.0 = Debug|Any CPU
		{062CD206-5E66-F656-A398-FB56A272F9C2}.Release|Any CPU.ActiveCfg = Release|Any CPU
		{062CD206-5E66-F656-A398-FB56A272F9C2}.Release|Any CPU.Build.0 = Release|Any CPU
		{B1D14DD2-60F7-8F93-9625-A6BA64789C6C}.Debug|Any CPU.ActiveCfg = Debug|Any CPU
		{B1D14DD2-60F7-8F93-9625-A6BA64789C6C}.Debug|Any CPU.Build.0 = Debug|Any CPU
		{B1D14DD2-60F7-8F93-9625-A6BA64789C6C}.Release|Any CPU.ActiveCfg = Release|Any CPU
		{B1D14DD2-60F7-8F93-9625-A6BA64789C6C}.Release|Any CPU.Build.0 = Release|Any CPU
		{0152A1BC-7F08-C235-CEE9-A3872AD6414E}.Debug|Any CPU.ActiveCfg = Debug|Any CPU
		{0152A1BC-7F08-C235-CEE9-A3872AD6414E}.Debug|Any CPU.Build.0 = Debug|Any CPU
		{0152A1BC-7F08-C235-CEE9-A3872AD6414E}.Release|Any CPU.ActiveCfg = Release|Any CPU
		{0152A1BC-7F08-C235-CEE9-A3872AD6414E}.Release|Any CPU.Build.0 = Release|Any CPU
		{6734C524-703B-2941-C3DC-7F836B01D816}.Debug|Any CPU.ActiveCfg = Debug|Any CPU
		{6734C524-703B-2941-C3DC-7F836B01D816}.Debug|Any CPU.Build.0 = Debug|Any CPU
		{6734C524-703B-2941-C3DC-7F836B01D816}.Release|Any CPU.ActiveCfg = Release|Any CPU
		{6734C524-703B-2941-C3DC-7F836B01D816}.Release|Any CPU.Build.0 = Release|Any CPU
		{61EAD814-B5CE-D564-4BAD-FD4F98B59C25}.Debug|Any CPU.ActiveCfg = Debug|Any CPU
		{61EAD814-B5CE-D564-4BAD-FD4F98B59C25}.Debug|Any CPU.Build.0 = Debug|Any CPU
		{61EAD814-B5CE-D564-4BAD-FD4F98B59C25}.Release|Any CPU.ActiveCfg = Release|Any CPU
		{61EAD814-B5CE-D564-4BAD-FD4F98B59C25}.Release|Any CPU.Build.0 = Release|Any CPU
		{F9D57DDE-AFB0-9EB0-C137-6BAA18E33760}.Debug|Any CPU.ActiveCfg = Debug|Any CPU
		{F9D57DDE-AFB0-9EB0-C137-6BAA18E33760}.Debug|Any CPU.Build.0 = Debug|Any CPU
		{F9D57DDE-AFB0-9EB0-C137-6BAA18E33760}.Release|Any CPU.ActiveCfg = Release|Any CPU
		{F9D57DDE-AFB0-9EB0-C137-6BAA18E33760}.Release|Any CPU.Build.0 = Release|Any CPU
		{F0BDE843-BECB-16DD-B334-680F188A89E4}.Debug|Any CPU.ActiveCfg = Debug|Any CPU
		{F0BDE843-BECB-16DD-B334-680F188A89E4}.Debug|Any CPU.Build.0 = Debug|Any CPU
		{F0BDE843-BECB-16DD-B334-680F188A89E4}.Release|Any CPU.ActiveCfg = Release|Any CPU
		{F0BDE843-BECB-16DD-B334-680F188A89E4}.Release|Any CPU.Build.0 = Release|Any CPU
		{42FEC542-671F-BC3E-17D2-F7A63B3B20DE}.Debug|Any CPU.ActiveCfg = Debug|Any CPU
		{42FEC542-671F-BC3E-17D2-F7A63B3B20DE}.Debug|Any CPU.Build.0 = Debug|Any CPU
		{42FEC542-671F-BC3E-17D2-F7A63B3B20DE}.Release|Any CPU.ActiveCfg = Release|Any CPU
		{42FEC542-671F-BC3E-17D2-F7A63B3B20DE}.Release|Any CPU.Build.0 = Release|Any CPU
		{B3C8A438-B393-88C1-5874-5DAA3ED23FBC}.Debug|Any CPU.ActiveCfg = Debug|Any CPU
		{B3C8A438-B393-88C1-5874-5DAA3ED23FBC}.Debug|Any CPU.Build.0 = Debug|Any CPU
		{B3C8A438-B393-88C1-5874-5DAA3ED23FBC}.Release|Any CPU.ActiveCfg = Release|Any CPU
		{B3C8A438-B393-88C1-5874-5DAA3ED23FBC}.Release|Any CPU.Build.0 = Release|Any CPU
		{F7B45E0A-0B24-AF19-EA8F-CB057E12016B}.Debug|Any CPU.ActiveCfg = Debug|Any CPU
		{F7B45E0A-0B24-AF19-EA8F-CB057E12016B}.Debug|Any CPU.Build.0 = Debug|Any CPU
		{F7B45E0A-0B24-AF19-EA8F-CB057E12016B}.Release|Any CPU.ActiveCfg = Release|Any CPU
		{F7B45E0A-0B24-AF19-EA8F-CB057E12016B}.Release|Any CPU.Build.0 = Release|Any CPU
		{C8E1ACE2-72EC-20C4-99EC-79717F0D9284}.Debug|Any CPU.ActiveCfg = Debug|Any CPU
		{C8E1ACE2-72EC-20C4-99EC-79717F0D9284}.Debug|Any CPU.Build.0 = Debug|Any CPU
		{C8E1ACE2-72EC-20C4-99EC-79717F0D9284}.Release|Any CPU.ActiveCfg = Release|Any CPU
		{C8E1ACE2-72EC-20C4-99EC-79717F0D9284}.Release|Any CPU.Build.0 = Release|Any CPU
		{E566E793-98FF-C10E-4E65-9C5C73B689FD}.Debug|Any CPU.ActiveCfg = Debug|Any CPU
		{E566E793-98FF-C10E-4E65-9C5C73B689FD}.Debug|Any CPU.Build.0 = Debug|Any CPU
		{E566E793-98FF-C10E-4E65-9C5C73B689FD}.Release|Any CPU.ActiveCfg = Release|Any CPU
		{E566E793-98FF-C10E-4E65-9C5C73B689FD}.Release|Any CPU.Build.0 = Release|Any CPU
		{04A320F1-648B-7410-6AB6-BF46BF8632F1}.Debug|Any CPU.ActiveCfg = Debug|Any CPU
		{04A320F1-648B-7410-6AB6-BF46BF8632F1}.Debug|Any CPU.Build.0 = Debug|Any CPU
		{04A320F1-648B-7410-6AB6-BF46BF8632F1}.Release|Any CPU.ActiveCfg = Release|Any CPU
		{04A320F1-648B-7410-6AB6-BF46BF8632F1}.Release|Any CPU.Build.0 = Release|Any CPU
		{54AE122E-1194-CFFE-3325-1156120BE981}.Debug|Any CPU.ActiveCfg = Debug|Any CPU
		{54AE122E-1194-CFFE-3325-1156120BE981}.Debug|Any CPU.Build.0 = Debug|Any CPU
		{54AE122E-1194-CFFE-3325-1156120BE981}.Release|Any CPU.ActiveCfg = Release|Any CPU
		{54AE122E-1194-CFFE-3325-1156120BE981}.Release|Any CPU.Build.0 = Release|Any CPU
		{06DF7453-7671-1B79-6576-6904A8537242}.Debug|Any CPU.ActiveCfg = Debug|Any CPU
		{06DF7453-7671-1B79-6576-6904A8537242}.Debug|Any CPU.Build.0 = Debug|Any CPU
		{06DF7453-7671-1B79-6576-6904A8537242}.Release|Any CPU.ActiveCfg = Release|Any CPU
		{06DF7453-7671-1B79-6576-6904A8537242}.Release|Any CPU.Build.0 = Release|Any CPU
		{7F6A5D12-4CEB-240B-540C-36D81C3440DD}.Debug|Any CPU.ActiveCfg = Debug|Any CPU
		{7F6A5D12-4CEB-240B-540C-36D81C3440DD}.Debug|Any CPU.Build.0 = Debug|Any CPU
		{7F6A5D12-4CEB-240B-540C-36D81C3440DD}.Release|Any CPU.ActiveCfg = Release|Any CPU
		{7F6A5D12-4CEB-240B-540C-36D81C3440DD}.Release|Any CPU.Build.0 = Release|Any CPU
		{255D7ACA-3463-7922-D5C6-E50596E91DF2}.Debug|Any CPU.ActiveCfg = Debug|Any CPU
		{255D7ACA-3463-7922-D5C6-E50596E91DF2}.Debug|Any CPU.Build.0 = Debug|Any CPU
		{255D7ACA-3463-7922-D5C6-E50596E91DF2}.Release|Any CPU.ActiveCfg = Release|Any CPU
		{255D7ACA-3463-7922-D5C6-E50596E91DF2}.Release|Any CPU.Build.0 = Release|Any CPU
		{5E13E35B-FE2C-DF6C-5CF5-60E011943A30}.Debug|Any CPU.ActiveCfg = Debug|Any CPU
		{5E13E35B-FE2C-DF6C-5CF5-60E011943A30}.Debug|Any CPU.Build.0 = Debug|Any CPU
		{5E13E35B-FE2C-DF6C-5CF5-60E011943A30}.Release|Any CPU.ActiveCfg = Release|Any CPU
		{5E13E35B-FE2C-DF6C-5CF5-60E011943A30}.Release|Any CPU.Build.0 = Release|Any CPU
		{2386DE66-2CC1-66A9-CB59-9A294DA15827}.Debug|Any CPU.ActiveCfg = Debug|Any CPU
		{2386DE66-2CC1-66A9-CB59-9A294DA15827}.Debug|Any CPU.Build.0 = Debug|Any CPU
		{2386DE66-2CC1-66A9-CB59-9A294DA15827}.Release|Any CPU.ActiveCfg = Release|Any CPU
		{2386DE66-2CC1-66A9-CB59-9A294DA15827}.Release|Any CPU.Build.0 = Release|Any CPU
		{6314EE5A-059B-E491-C1F3-B17E846BD5D0}.Debug|Any CPU.ActiveCfg = Debug|Any CPU
		{6314EE5A-059B-E491-C1F3-B17E846BD5D0}.Debug|Any CPU.Build.0 = Debug|Any CPU
		{6314EE5A-059B-E491-C1F3-B17E846BD5D0}.Release|Any CPU.ActiveCfg = Release|Any CPU
		{6314EE5A-059B-E491-C1F3-B17E846BD5D0}.Release|Any CPU.Build.0 = Release|Any CPU
		{EB3D590F-FFDD-2C74-89C6-950A16D69902}.Debug|Any CPU.ActiveCfg = Debug|Any CPU
		{EB3D590F-FFDD-2C74-89C6-950A16D69902}.Debug|Any CPU.Build.0 = Debug|Any CPU
		{EB3D590F-FFDD-2C74-89C6-950A16D69902}.Release|Any CPU.ActiveCfg = Release|Any CPU
		{EB3D590F-FFDD-2C74-89C6-950A16D69902}.Release|Any CPU.Build.0 = Release|Any CPU
		{7C09C992-F099-91BA-ADE1-60BC8571ADCF}.Debug|Any CPU.ActiveCfg = Debug|Any CPU
		{7C09C992-F099-91BA-ADE1-60BC8571ADCF}.Debug|Any CPU.Build.0 = Debug|Any CPU
		{7C09C992-F099-91BA-ADE1-60BC8571ADCF}.Release|Any CPU.ActiveCfg = Release|Any CPU
		{7C09C992-F099-91BA-ADE1-60BC8571ADCF}.Release|Any CPU.Build.0 = Release|Any CPU
		{6A438034-D5B6-2184-5148-168FF17635D2}.Debug|Any CPU.ActiveCfg = Debug|Any CPU
		{6A438034-D5B6-2184-5148-168FF17635D2}.Debug|Any CPU.Build.0 = Debug|Any CPU
		{6A438034-D5B6-2184-5148-168FF17635D2}.Release|Any CPU.ActiveCfg = Release|Any CPU
		{6A438034-D5B6-2184-5148-168FF17635D2}.Release|Any CPU.Build.0 = Release|Any CPU
		{9ADAD40E-BBAE-050B-1F6B-1126CCB286C3}.Debug|Any CPU.ActiveCfg = Debug|Any CPU
		{9ADAD40E-BBAE-050B-1F6B-1126CCB286C3}.Debug|Any CPU.Build.0 = Debug|Any CPU
		{9ADAD40E-BBAE-050B-1F6B-1126CCB286C3}.Release|Any CPU.ActiveCfg = Release|Any CPU
		{9ADAD40E-BBAE-050B-1F6B-1126CCB286C3}.Release|Any CPU.Build.0 = Release|Any CPU
		{D98A2FAF-5AF9-D5A0-3222-48B11D5740E4}.Debug|Any CPU.ActiveCfg = Debug|Any CPU
		{D98A2FAF-5AF9-D5A0-3222-48B11D5740E4}.Debug|Any CPU.Build.0 = Debug|Any CPU
		{D98A2FAF-5AF9-D5A0-3222-48B11D5740E4}.Release|Any CPU.ActiveCfg = Release|Any CPU
		{D98A2FAF-5AF9-D5A0-3222-48B11D5740E4}.Release|Any CPU.Build.0 = Release|Any CPU
		{CBB9E398-4951-4340-9D27-AFA064083B86}.Debug|Any CPU.ActiveCfg = Debug|Any CPU
		{CBB9E398-4951-4340-9D27-AFA064083B86}.Debug|Any CPU.Build.0 = Debug|Any CPU
		{CBB9E398-4951-4340-9D27-AFA064083B86}.Release|Any CPU.ActiveCfg = Release|Any CPU
		{CBB9E398-4951-4340-9D27-AFA064083B86}.Release|Any CPU.Build.0 = Release|Any CPU
		{432E2C31-9077-ED95-8311-08B62EB7D7E7}.Debug|Any CPU.ActiveCfg = Debug|Any CPU
		{432E2C31-9077-ED95-8311-08B62EB7D7E7}.Debug|Any CPU.Build.0 = Debug|Any CPU
		{432E2C31-9077-ED95-8311-08B62EB7D7E7}.Release|Any CPU.ActiveCfg = Release|Any CPU
		{432E2C31-9077-ED95-8311-08B62EB7D7E7}.Release|Any CPU.Build.0 = Release|Any CPU
		{676772AA-28E0-EBFB-A31F-947A6072EABB}.Debug|Any CPU.ActiveCfg = Debug|Any CPU
		{676772AA-28E0-EBFB-A31F-947A6072EABB}.Debug|Any CPU.Build.0 = Debug|Any CPU
		{676772AA-28E0-EBFB-A31F-947A6072EABB}.Release|Any CPU.ActiveCfg = Release|Any CPU
		{676772AA-28E0-EBFB-A31F-947A6072EABB}.Release|Any CPU.Build.0 = Release|Any CPU
		{14F8C60A-0E78-A5E6-A01A-EF6DFA9A819E}.Debug|Any CPU.ActiveCfg = Debug|Any CPU
		{14F8C60A-0E78-A5E6-A01A-EF6DFA9A819E}.Debug|Any CPU.Build.0 = Debug|Any CPU
		{14F8C60A-0E78-A5E6-A01A-EF6DFA9A819E}.Release|Any CPU.ActiveCfg = Release|Any CPU
		{14F8C60A-0E78-A5E6-A01A-EF6DFA9A819E}.Release|Any CPU.Build.0 = Release|Any CPU
		{F5072638-7165-EBFC-5557-7EF0ABF2C959}.Debug|Any CPU.ActiveCfg = Debug|Any CPU
		{F5072638-7165-EBFC-5557-7EF0ABF2C959}.Debug|Any CPU.Build.0 = Debug|Any CPU
		{F5072638-7165-EBFC-5557-7EF0ABF2C959}.Release|Any CPU.ActiveCfg = Release|Any CPU
		{F5072638-7165-EBFC-5557-7EF0ABF2C959}.Release|Any CPU.Build.0 = Release|Any CPU
		{17577539-D92B-6DC2-5509-AB7C5DE5FA84}.Debug|Any CPU.ActiveCfg = Debug|Any CPU
		{17577539-D92B-6DC2-5509-AB7C5DE5FA84}.Debug|Any CPU.Build.0 = Debug|Any CPU
		{17577539-D92B-6DC2-5509-AB7C5DE5FA84}.Release|Any CPU.ActiveCfg = Release|Any CPU
		{17577539-D92B-6DC2-5509-AB7C5DE5FA84}.Release|Any CPU.Build.0 = Release|Any CPU
		{BD9164B4-F67C-5960-FAB0-E38136F0EEE3}.Debug|Any CPU.ActiveCfg = Debug|Any CPU
		{BD9164B4-F67C-5960-FAB0-E38136F0EEE3}.Debug|Any CPU.Build.0 = Debug|Any CPU
		{BD9164B4-F67C-5960-FAB0-E38136F0EEE3}.Release|Any CPU.ActiveCfg = Release|Any CPU
		{BD9164B4-F67C-5960-FAB0-E38136F0EEE3}.Release|Any CPU.Build.0 = Release|Any CPU
		{C5890B80-B412-6EE3-4A53-51466C18EB65}.Debug|Any CPU.ActiveCfg = Debug|Any CPU
		{C5890B80-B412-6EE3-4A53-51466C18EB65}.Debug|Any CPU.Build.0 = Debug|Any CPU
		{C5890B80-B412-6EE3-4A53-51466C18EB65}.Release|Any CPU.ActiveCfg = Release|Any CPU
		{C5890B80-B412-6EE3-4A53-51466C18EB65}.Release|Any CPU.Build.0 = Release|Any CPU
		{C7C12623-D707-14D7-045E-A705F9DA3E9E}.Debug|Any CPU.ActiveCfg = Debug|Any CPU
		{C7C12623-D707-14D7-045E-A705F9DA3E9E}.Debug|Any CPU.Build.0 = Debug|Any CPU
		{C7C12623-D707-14D7-045E-A705F9DA3E9E}.Release|Any CPU.ActiveCfg = Release|Any CPU
		{C7C12623-D707-14D7-045E-A705F9DA3E9E}.Release|Any CPU.Build.0 = Release|Any CPU
		{E7E66378-3B10-3CAB-D0BA-DB1030A97FE0}.Debug|Any CPU.ActiveCfg = Debug|Any CPU
		{E7E66378-3B10-3CAB-D0BA-DB1030A97FE0}.Debug|Any CPU.Build.0 = Debug|Any CPU
		{E7E66378-3B10-3CAB-D0BA-DB1030A97FE0}.Release|Any CPU.ActiveCfg = Release|Any CPU
		{E7E66378-3B10-3CAB-D0BA-DB1030A97FE0}.Release|Any CPU.Build.0 = Release|Any CPU
		{0BC8F38E-F61F-03AA-DAE6-3285AFF6B12D}.Debug|Any CPU.ActiveCfg = Debug|Any CPU
		{0BC8F38E-F61F-03AA-DAE6-3285AFF6B12D}.Debug|Any CPU.Build.0 = Debug|Any CPU
		{0BC8F38E-F61F-03AA-DAE6-3285AFF6B12D}.Release|Any CPU.ActiveCfg = Release|Any CPU
		{0BC8F38E-F61F-03AA-DAE6-3285AFF6B12D}.Release|Any CPU.Build.0 = Release|Any CPU
		{98F11126-696A-F600-5C92-D572A8230E69}.Debug|Any CPU.ActiveCfg = Debug|Any CPU
		{98F11126-696A-F600-5C92-D572A8230E69}.Debug|Any CPU.Build.0 = Debug|Any CPU
		{98F11126-696A-F600-5C92-D572A8230E69}.Release|Any CPU.ActiveCfg = Release|Any CPU
		{98F11126-696A-F600-5C92-D572A8230E69}.Release|Any CPU.Build.0 = Release|Any CPU
		{87807948-031E-B905-EE01-50F71DB1687A}.Debug|Any CPU.ActiveCfg = Debug|Any CPU
		{87807948-031E-B905-EE01-50F71DB1687A}.Debug|Any CPU.Build.0 = Debug|Any CPU
		{87807948-031E-B905-EE01-50F71DB1687A}.Release|Any CPU.ActiveCfg = Release|Any CPU
		{87807948-031E-B905-EE01-50F71DB1687A}.Release|Any CPU.Build.0 = Release|Any CPU
	EndGlobalSection
	GlobalSection(SolutionProperties) = preSolution
		HideSolutionNode = FALSE
	EndGlobalSection
EndGlobal
